
Microsoft Visual Studio Solution File, Format Version 12.00
# Visual Studio 15
VisualStudioVersion = 15.0.28307.271
MinimumVisualStudioVersion = 10.0.40219.1
Project("{FAE04EC0-301F-11D3-BF4B-00C04F79EFBC}") = "Retail", "Retail\Retail.csproj", "{60765873-8279-437F-BD92-574A60B665BD}"
EndProject
Project("{FAE04EC0-301F-11D3-BF4B-00C04F79EFBC}") = "UnitTestProject1", "UnitTestProject1\UnitTestProject1.csproj", "{56E89577-AC3A-4C34-B633-BF0C8618A3A9}"
EndProject
Global
	GlobalSection(SolutionConfigurationPlatforms) = preSolution
		Debug|Any CPU = Debug|Any CPU
		Release|Any CPU = Release|Any CPU
	EndGlobalSection
	GlobalSection(ProjectConfigurationPlatforms) = postSolution
		{60765873-8279-437F-BD92-574A60B665BD}.Debug|Any CPU.ActiveCfg = Debug|Any CPU
		{60765873-8279-437F-BD92-574A60B665BD}.Debug|Any CPU.Build.0 = Debug|Any CPU
		{60765873-8279-437F-BD92-574A60B665BD}.Release|Any CPU.ActiveCfg = Release|Any CPU
		{60765873-8279-437F-BD92-574A60B665BD}.Release|Any CPU.Build.0 = Release|Any CPU
		{56E89577-AC3A-4C34-B633-BF0C8618A3A9}.Debug|Any CPU.ActiveCfg = Debug|Any CPU
		{56E89577-AC3A-4C34-B633-BF0C8618A3A9}.Debug|Any CPU.Build.0 = Debug|Any CPU
		{56E89577-AC3A-4C34-B633-BF0C8618A3A9}.Release|Any CPU.ActiveCfg = Release|Any CPU
		{56E89577-AC3A-4C34-B633-BF0C8618A3A9}.Release|Any CPU.Build.0 = Release|Any CPU
	EndGlobalSection
	GlobalSection(SolutionProperties) = preSolution
		HideSolutionNode = FALSE
	EndGlobalSection
	GlobalSection(ExtensibilityGlobals) = postSolution
		SolutionGuid = {E4F129ED-48E6-44BB-84FD-3A85E6BACEF9}
	EndGlobalSection
EndGlobal
